
Microsoft Visual Studio Solution File, Format Version 12.00
# Visual Studio Version 16
VisualStudioVersion = 16.0.31410.357
MinimumVisualStudioVersion = 10.0.40219.1
Project("{FAE04EC0-301F-11D3-BF4B-00C04F79EFBC}") = "FluentValidation", "FluentValidation\FluentValidation.csproj", "{8CED7BB2-0EE2-4823-BD2F-0CC04EBA9D78}"
EndProject
Global
	GlobalSection(SolutionConfigurationPlatforms) = preSolution
		Debug|Any CPU = Debug|Any CPU
		Release|Any CPU = Release|Any CPU
	EndGlobalSection
	GlobalSection(ProjectConfigurationPlatforms) = postSolution
		{8CED7BB2-0EE2-4823-BD2F-0CC04EBA9D78}.Debug|Any CPU.ActiveCfg = Debug|Any CPU
		{8CED7BB2-0EE2-4823-BD2F-0CC04EBA9D78}.Debug|Any CPU.Build.0 = Debug|Any CPU
		{8CED7BB2-0EE2-4823-BD2F-0CC04EBA9D78}.Release|Any CPU.ActiveCfg = Release|Any CPU
		{8CED7BB2-0EE2-4823-BD2F-0CC04EBA9D78}.Release|Any CPU.Build.0 = Release|Any CPU
	EndGlobalSection
	GlobalSection(SolutionProperties) = preSolution
		HideSolutionNode = FALSE
	EndGlobalSection
	GlobalSection(ExtensibilityGlobals) = postSolution
		SolutionGuid = {58E70662-BA89-46D4-A966-51DD5E4866E1}
	EndGlobalSection
EndGlobal
